// !$*UTF8*$!
{
	archiveVersion = 1;
	classes = {
	};
	objectVersion = 50;
	objects = {

/* Begin PBXBuildFile section */
		52D7A0E824AE940D008ABA3C /* AppDelegate.swift in Sources */ = {isa = PBXBuildFile; fileRef = 52D7A0E724AE940D008ABA3C /* AppDelegate.swift */; };
		52D7A0EA24AE940D008ABA3C /* SceneDelegate.swift in Sources */ = {isa = PBXBuildFile; fileRef = 52D7A0E924AE940D008ABA3C /* SceneDelegate.swift */; };
		52D7A0EC24AE940D008ABA3C /* ViewController.swift in Sources */ = {isa = PBXBuildFile; fileRef = 52D7A0EB24AE940D008ABA3C /* ViewController.swift */; };
		52D7A0F124AE9412008ABA3C /* Assets.xcassets in Resources */ = {isa = PBXBuildFile; fileRef = 52D7A0F024AE9412008ABA3C /* Assets.xcassets */; };
		52D7A0F424AE9412008ABA3C /* LaunchScreen.storyboard in Resources */ = {isa = PBXBuildFile; fileRef = 52D7A0F224AE9412008ABA3C /* LaunchScreen.storyboard */; };
		52D7A0FD24AE9471008ABA3C /* Person.swift in Sources */ = {isa = PBXBuildFile; fileRef = 52D7A0FC24AE9471008ABA3C /* Person.swift */; };
		52D7A0FF24AE95C2008ABA3C /* TableOfPersons.swift in Sources */ = {isa = PBXBuildFile; fileRef = 52D7A0FE24AE95C2008ABA3C /* TableOfPersons.swift */; };
		52D7A10224AE9F63008ABA3C /* data.json in Resources */ = {isa = PBXBuildFile; fileRef = 52D7A10124AE9F63008ABA3C /* data.json */; };
		52D7A10724AEC741008ABA3C /* Main.storyboard in Resources */ = {isa = PBXBuildFile; fileRef = 52D7A10524AEC741008ABA3C /* Main.storyboard */; };
/* End PBXBuildFile section */

/* Begin PBXFileReference section */
		52D7A0E424AE940D008ABA3C /* HomeWork6.app */ = {isa = PBXFileReference; explicitFileType = wrapper.application; includeInIndex = 0; path = HomeWork6.app; sourceTree = BUILT_PRODUCTS_DIR; };
		52D7A0E724AE940D008ABA3C /* AppDelegate.swift */ = {isa = PBXFileReference; lastKnownFileType = sourcecode.swift; path = AppDelegate.swift; sourceTree = "<group>"; };
		52D7A0E924AE940D008ABA3C /* SceneDelegate.swift */ = {isa = PBXFileReference; lastKnownFileType = sourcecode.swift; path = SceneDelegate.swift; sourceTree = "<group>"; };
		52D7A0EB24AE940D008ABA3C /* ViewController.swift */ = {isa = PBXFileReference; lastKnownFileType = sourcecode.swift; path = ViewController.swift; sourceTree = "<group>"; };
		52D7A0F024AE9412008ABA3C /* Assets.xcassets */ = {isa = PBXFileReference; lastKnownFileType = folder.assetcatalog; path = Assets.xcassets; sourceTree = "<group>"; };
		52D7A0F324AE9412008ABA3C /* Base */ = {isa = PBXFileReference; lastKnownFileType = file.storyboard; name = Base; path = Base.lproj/LaunchScreen.storyboard; sourceTree = "<group>"; };
		52D7A0F524AE9412008ABA3C /* Info.plist */ = {isa = PBXFileReference; lastKnownFileType = text.plist.xml; path = Info.plist; sourceTree = "<group>"; };
		52D7A0FC24AE9471008ABA3C /* Person.swift */ = {isa = PBXFileReference; lastKnownFileType = sourcecode.swift; path = Person.swift; sourceTree = "<group>"; };
		52D7A0FE24AE95C2008ABA3C /* TableOfPersons.swift */ = {isa = PBXFileReference; lastKnownFileType = sourcecode.swift; path = TableOfPersons.swift; sourceTree = "<group>"; };
		52D7A10124AE9F63008ABA3C /* data.json */ = {isa = PBXFileReference; fileEncoding = 4; lastKnownFileType = text.json; path = data.json; sourceTree = "<group>"; };
		52D7A10624AEC741008ABA3C /* Base */ = {isa = PBXFileReference; lastKnownFileType = file.storyboard; name = Base; path = ../../../TestErrors/TestErrors/Base.lproj/Main.storyboard; sourceTree = "<group>"; };
/* End PBXFileReference section */

/* Begin PBXFrameworksBuildPhase section */
		52D7A0E124AE940D008ABA3C /* Frameworks */ = {
			isa = PBXFrameworksBuildPhase;
			buildActionMask = 2147483647;
			files = (
			);
			runOnlyForDeploymentPostprocessing = 0;
		};
/* End PBXFrameworksBuildPhase section */

/* Begin PBXGroup section */
		52D7A0DB24AE940D008ABA3C = {
			isa = PBXGroup;
			children = (
				52D7A0E624AE940D008ABA3C /* HomeWork6 */,
				52D7A0E524AE940D008ABA3C /* Products */,
			);
			sourceTree = "<group>";
		};
		52D7A0E524AE940D008ABA3C /* Products */ = {
			isa = PBXGroup;
			children = (
				52D7A0E424AE940D008ABA3C /* HomeWork6.app */,
			);
			name = Products;
			sourceTree = "<group>";
		};
		52D7A0E624AE940D008ABA3C /* HomeWork6 */ = {
			isa = PBXGroup;
			children = (
				52D7A10024AE9F45008ABA3C /* DataForTable */,
				52D7A0FB24AE9429008ABA3C /* Table */,
				52D7A0E724AE940D008ABA3C /* AppDelegate.swift */,
				52D7A0E924AE940D008ABA3C /* SceneDelegate.swift */,
				52D7A0EB24AE940D008ABA3C /* ViewController.swift */,
				52D7A0F024AE9412008ABA3C /* Assets.xcassets */,
				52D7A0F224AE9412008ABA3C /* LaunchScreen.storyboard */,
				52D7A0F524AE9412008ABA3C /* Info.plist */,
				52D7A10524AEC741008ABA3C /* Main.storyboard */,
			);
			path = HomeWork6;
			sourceTree = "<group>";
		};
		52D7A0FB24AE9429008ABA3C /* Table */ = {
			isa = PBXGroup;
			children = (
				52D7A0FC24AE9471008ABA3C /* Person.swift */,
				52D7A0FE24AE95C2008ABA3C /* TableOfPersons.swift */,
			);
			path = Table;
			sourceTree = "<group>";
		};
		52D7A10024AE9F45008ABA3C /* DataForTable */ = {
			isa = PBXGroup;
			children = (
				52D7A10124AE9F63008ABA3C /* data.json */,
			);
			path = DataForTable;
			sourceTree = "<group>";
		};
/* End PBXGroup section */

/* Begin PBXNativeTarget section */
		52D7A0E324AE940D008ABA3C /* HomeWork6 */ = {
			isa = PBXNativeTarget;
			buildConfigurationList = 52D7A0F824AE9412008ABA3C /* Build configuration list for PBXNativeTarget "HomeWork6" */;
			buildPhases = (
				52D7A0E024AE940D008ABA3C /* Sources */,
				52D7A0E124AE940D008ABA3C /* Frameworks */,
				52D7A0E224AE940D008ABA3C /* Resources */,
			);
			buildRules = (
			);
			dependencies = (
			);
			name = HomeWork6;
			productName = HomeWork6;
			productReference = 52D7A0E424AE940D008ABA3C /* HomeWork6.app */;
			productType = "com.apple.product-type.application";
		};
/* End PBXNativeTarget section */

/* Begin PBXProject section */
		52D7A0DC24AE940D008ABA3C /* Project object */ = {
			isa = PBXProject;
			attributes = {
				LastSwiftUpdateCheck = 1150;
				LastUpgradeCheck = 1150;
				ORGANIZATIONNAME = "Maxim Andryushin";
				TargetAttributes = {
					52D7A0E324AE940D008ABA3C = {
						CreatedOnToolsVersion = 11.5;
					};
				};
			};
			buildConfigurationList = 52D7A0DF24AE940D008ABA3C /* Build configuration list for PBXProject "HomeWork6" */;
			compatibilityVersion = "Xcode 9.3";
			developmentRegion = en;
			hasScannedForEncodings = 0;
			knownRegions = (
				en,
				Base,
			);
			mainGroup = 52D7A0DB24AE940D008ABA3C;
			productRefGroup = 52D7A0E524AE940D008ABA3C /* Products */;
			projectDirPath = "";
			projectRoot = "";
			targets = (
				52D7A0E324AE940D008ABA3C /* HomeWork6 */,
			);
		};
/* End PBXProject section */

/* Begin PBXResourcesBuildPhase section */
		52D7A0E224AE940D008ABA3C /* Resources */ = {
			isa = PBXResourcesBuildPhase;
			buildActionMask = 2147483647;
			files = (
				52D7A0F424AE9412008ABA3C /* LaunchScreen.storyboard in Resources */,
				52D7A10724AEC741008ABA3C /* Main.storyboard in Resources */,
				52D7A0F124AE9412008ABA3C /* Assets.xcassets in Resources */,
				52D7A10224AE9F63008ABA3C /* data.json in Resources */,
			);
			runOnlyForDeploymentPostprocessing = 0;
		};
/* End PBXResourcesBuildPhase section */

/* Begin PBXSourcesBuildPhase section */
		52D7A0E024AE940D008ABA3C /* Sources */ = {
			isa = PBXSourcesBuildPhase;
			buildActionMask = 2147483647;
			files = (
				52D7A0EC24AE940D008ABA3C /* ViewController.swift in Sources */,
				52D7A0E824AE940D008ABA3C /* AppDelegate.swift in Sources */,
				52D7A0FF24AE95C2008ABA3C /* TableOfPersons.swift in Sources */,
				52D7A0EA24AE940D008ABA3C /* SceneDelegate.swift in Sources */,
				52D7A0FD24AE9471008ABA3C /* Person.swift in Sources */,
			);
			runOnlyForDeploymentPostprocessing = 0;
		};
/* End PBXSourcesBuildPhase section */

/* Begin PBXVariantGroup section */
		52D7A0F224AE9412008ABA3C /* LaunchScreen.storyboard */ = {
			isa = PBXVariantGroup;
			children = (
				52D7A0F324AE9412008ABA3C /* Base */,
			);
			name = LaunchScreen.storyboard;
			sourceTree = "<group>";
		};
		52D7A10524AEC741008ABA3C /* Main.storyboard */ = {
			isa = PBXVariantGroup;
			children = (
				52D7A10624AEC741008ABA3C /* Base */,
			);
			name = Main.storyboard;
			sourceTree = "<group>";
		};
/* End PBXVariantGroup section */

/* Begin XCBuildConfiguration section */
		52D7A0F624AE9412008ABA3C /* Debug */ = {
			isa = XCBuildConfiguration;
			buildSettings = {
				ALWAYS_SEARCH_USER_PATHS = NO;
				CLANG_ANALYZER_NONNULL = YES;
				CLANG_ANALYZER_NUMBER_OBJECT_CONVERSION = YES_AGGRESSIVE;
				CLANG_CXX_LANGUAGE_STANDARD = "gnu++14";
				CLANG_CXX_LIBRARY = "libc++";
				CLANG_ENABLE_MODULES = YES;
				CLANG_ENABLE_OBJC_ARC = YES;
				CLANG_ENABLE_OBJC_WEAK = YES;
				CLANG_WARN_BLOCK_CAPTURE_AUTORELEASING = YES;
				CLANG_WARN_BOOL_CONVERSION = YES;
				CLANG_WARN_COMMA = YES;
				CLANG_WARN_CONSTANT_CONVERSION = YES;
				CLANG_WARN_DEPRECATED_OBJC_IMPLEMENTATIONS = YES;
				CLANG_WARN_DIRECT_OBJC_ISA_USAGE = YES_ERROR;
				CLANG_WARN_DOCUMENTATION_COMMENTS = YES;
				CLANG_WARN_EMPTY_BODY = YES;
				CLANG_WARN_ENUM_CONVERSION = YES;
				CLANG_WARN_INFINITE_RECURSION = YES;
				CLANG_WARN_INT_CONVERSION = YES;
				CLANG_WARN_NON_LITERAL_NULL_CONVERSION = YES;
				CLANG_WARN_OBJC_IMPLICIT_RETAIN_SELF = YES;
				CLANG_WARN_OBJC_LITERAL_CONVERSION = YES;
				CLANG_WARN_OBJC_ROOT_CLASS = YES_ERROR;
				CLANG_WARN_RANGE_LOOP_ANALYSIS = YES;
				CLANG_WARN_STRICT_PROTOTYPES = YES;
				CLANG_WARN_SUSPICIOUS_MOVE = YES;
				CLANG_WARN_UNGUARDED_AVAILABILITY = YES_AGGRESSIVE;
				CLANG_WARN_UNREACHABLE_CODE = YES;
				CLANG_WARN__DUPLICATE_METHOD_MATCH = YES;
				COPY_PHASE_STRIP = NO;
				DEBUG_INFORMATION_FORMAT = dwarf;
				ENABLE_STRICT_OBJC_MSGSEND = YES;
				ENABLE_TESTABILITY = YES;
				GCC_C_LANGUAGE_STANDARD = gnu11;
				GCC_DYNAMIC_NO_PIC = NO;
				GCC_NO_COMMON_BLOCKS = YES;
				GCC_OPTIMIZATION_LEVEL = 0;
				GCC_PREPROCESSOR_DEFINITIONS = (
					"DEBUG=1",
					"$(inherited)",
				);
				GCC_WARN_64_TO_32_BIT_CONVERSION = YES;
				GCC_WARN_ABOUT_RETURN_TYPE = YES_ERROR;
				GCC_WARN_UNDECLARED_SELECTOR = YES;
				GCC_WARN_UNINITIALIZED_AUTOS = YES_AGGRESSIVE;
				GCC_WARN_UNUSED_FUNCTION = YES;
				GCC_WARN_UNUSED_VARIABLE = YES;
				IPHONEOS_DEPLOYMENT_TARGET = 13.5;
				MTL_ENABLE_DEBUG_INFO = INCLUDE_SOURCE;
				MTL_FAST_MATH = YES;
				ONLY_ACTIVE_ARCH = YES;
				SDKROOT = iphoneos;
				SWIFT_ACTIVE_COMPILATION_CONDITIONS = DEBUG;
				SWIFT_OPTIMIZATION_LEVEL = "-Onone";
			};
			name = Debug;
		};
		52D7A0F724AE9412008ABA3C /* Release */ = {
			isa = XCBuildConfiguration;
			buildSettings = {
				ALWAYS_SEARCH_USER_PATHS = NO;
				CLANG_ANALYZER_NONNULL = YES;
				CLANG_ANALYZER_NUMBER_OBJECT_CONVERSION = YES_AGGRESSIVE;
				CLANG_CXX_LANGUAGE_STANDARD = "gnu++14";
				CLANG_CXX_LIBRARY = "libc++";
				CLANG_ENABLE_MODULES = YES;
				CLANG_ENABLE_OBJC_ARC = YES;
				CLANG_ENABLE_OBJC_WEAK = YES;
				CLANG_WARN_BLOCK_CAPTURE_AUTORELEASING = YES;
				CLANG_WARN_BOOL_CONVERSION = YES;
				CLANG_WARN_COMMA = YES;
				CLANG_WARN_CONSTANT_CONVERSION = YES;
				CLANG_WARN_DEPRECATED_OBJC_IMPLEMENTATIONS = YES;
				CLANG_WARN_DIRECT_OBJC_ISA_USAGE = YES_ERROR;
				CLANG_WARN_DOCUMENTATION_COMMENTS = YES;
				CLANG_WARN_EMPTY_BODY = YES;
				CLANG_WARN_ENUM_CONVERSION = YES;
				CLANG_WARN_INFINITE_RECURSION = YES;
				CLANG_WARN_INT_CONVERSION = YES;
				CLANG_WARN_NON_LITERAL_NULL_CONVERSION = YES;
				CLANG_WARN_OBJC_IMPLICIT_RETAIN_SELF = YES;
				CLANG_WARN_OBJC_LITERAL_CONVERSION = YES;
				CLANG_WARN_OBJC_ROOT_CLASS = YES_ERROR;
				CLANG_WARN_RANGE_LOOP_ANALYSIS = YES;
				CLANG_WARN_STRICT_PROTOTYPES = YES;
				CLANG_WARN_SUSPICIOUS_MOVE = YES;
				CLANG_WARN_UNGUARDED_AVAILABILITY = YES_AGGRESSIVE;
				CLANG_WARN_UNREACHABLE_CODE = YES;
				CLANG_WARN__DUPLICATE_METHOD_MATCH = YES;
				COPY_PHASE_STRIP = NO;
				DEBUG_INFORMATION_FORMAT = "dwarf-with-dsym";
				ENABLE_NS_ASSERTIONS = NO;
				ENABLE_STRICT_OBJC_MSGSEND = YES;
				GCC_C_LANGUAGE_STANDARD = gnu11;
				GCC_NO_COMMON_BLOCKS = YES;
				GCC_WARN_64_TO_32_BIT_CONVERSION = YES;
				GCC_WARN_ABOUT_RETURN_TYPE = YES_ERROR;
				GCC_WARN_UNDECLARED_SELECTOR = YES;
				GCC_WARN_UNINITIALIZED_AUTOS = YES_AGGRESSIVE;
				GCC_WARN_UNUSED_FUNCTION = YES;
				GCC_WARN_UNUSED_VARIABLE = YES;
				IPHONEOS_DEPLOYMENT_TARGET = 13.5;
				MTL_ENABLE_DEBUG_INFO = NO;
				MTL_FAST_MATH = YES;
				SDKROOT = iphoneos;
				SWIFT_COMPILATION_MODE = wholemodule;
				SWIFT_OPTIMIZATION_LEVEL = "-O";
				VALIDATE_PRODUCT = YES;
			};
			name = Release;
		};
		52D7A0F924AE9412008ABA3C /* Debug */ = {
			isa = XCBuildConfiguration;
			buildSettings = {
				ASSETCATALOG_COMPILER_APPICON_NAME = AppIcon;
				CODE_SIGN_STYLE = Automatic;
				INFOPLIST_FILE = HomeWork6/Info.plist;
				LD_RUNPATH_SEARCH_PATHS = (
					"$(inherited)",
					"@executable_path/Frameworks",
				);
				PRODUCT_BUNDLE_IDENTIFIER = com.example.HomeWork6;
				PRODUCT_NAME = "$(TARGET_NAME)";
				SWIFT_VERSION = 5.0;
				TARGETED_DEVICE_FAMILY = "1,2";
			};
			name = Debug;
		};
		52D7A0FA24AE9412008ABA3C /* Release */ = {
			isa = XCBuildConfiguration;
			buildSettings = {
				ASSETCATALOG_COMPILER_APPICON_NAME = AppIcon;
				CODE_SIGN_STYLE = Automatic;
				INFOPLIST_FILE = HomeWork6/Info.plist;
				LD_RUNPATH_SEARCH_PATHS = (
					"$(inherited)",
					"@executable_path/Frameworks",
				);
				PRODUCT_BUNDLE_IDENTIFIER = com.example.HomeWork6;
				PRODUCT_NAME = "$(TARGET_NAME)";
				SWIFT_VERSION = 5.0;
				TARGETED_DEVICE_FAMILY = "1,2";
			};
			name = Release;
		};
/* End XCBuildConfiguration section */

/* Begin XCConfigurationList section */
		52D7A0DF24AE940D008ABA3C /* Build configuration list for PBXProject "HomeWork6" */ = {
			isa = XCConfigurationList;
			buildConfigurations = (
				52D7A0F624AE9412008ABA3C /* Debug */,
				52D7A0F724AE9412008ABA3C /* Release */,
			);
			defaultConfigurationIsVisible = 0;
			defaultConfigurationName = Release;
		};
		52D7A0F824AE9412008ABA3C /* Build configuration list for PBXNativeTarget "HomeWork6" */ = {
			isa = XCConfigurationList;
			buildConfigurations = (
				52D7A0F924AE9412008ABA3C /* Debug */,
				52D7A0FA24AE9412008ABA3C /* Release */,
			);
			defaultConfigurationIsVisible = 0;
			defaultConfigurationName = Release;
		};
/* End XCConfigurationList section */
	};
	rootObject = 52D7A0DC24AE940D008ABA3C /* Project object */;
}
